
Microsoft Visual Studio Solution File, Format Version 12.00
# Visual Studio Version 16
VisualStudioVersion = 16.0.29926.136
MinimumVisualStudioVersion = 10.0.40219.1
Project("{FAE04EC0-301F-11D3-BF4B-00C04F79EFBC}") = "NPPES-REST-API", "NPPES-REST-API.csproj", "{19A8EF94-B1A6-47B8-A6F1-1B11FF675623}"
EndProject
Global
	GlobalSection(SolutionConfigurationPlatforms) = preSolution
		Debug|Any CPU = Debug|Any CPU
		Release|Any CPU = Release|Any CPU
	EndGlobalSection
	GlobalSection(ProjectConfigurationPlatforms) = postSolution
		{19A8EF94-B1A6-47B8-A6F1-1B11FF675623}.Debug|Any CPU.ActiveCfg = Debug|Any CPU
		{19A8EF94-B1A6-47B8-A6F1-1B11FF675623}.Debug|Any CPU.Build.0 = Debug|Any CPU
		{19A8EF94-B1A6-47B8-A6F1-1B11FF675623}.Release|Any CPU.ActiveCfg = Release|Any CPU
		{19A8EF94-B1A6-47B8-A6F1-1B11FF675623}.Release|Any CPU.Build.0 = Release|Any CPU
	EndGlobalSection
	GlobalSection(SolutionProperties) = preSolution
		HideSolutionNode = FALSE
	EndGlobalSection
	GlobalSection(ExtensibilityGlobals) = postSolution
		SolutionGuid = {C0A5C51C-FEB6-4483-A883-CD420AB0D98F}
	EndGlobalSection
EndGlobal
